# This file is automatically @generated by Poetry 2.3.1 and should not be changed by hand.

[[package]]
name = "certifi"
version = "2026.1.4"
description = "Python package for providing Mozilla's CA Bundle."
optional = false
python-versions = ">=3.7"
groups = ["main"]
files = [
    {file = "certifi-2026.1.4-py3-none-any.whl", hash = "sha256:9943707519e4add1115f44c2bc244f782c0249876bf51b6599fee1ffbedd685c"},
    {file = "certifi-2026.1.4.tar.gz", hash = "sha256:ac726dd470482006e014ad384921ed6438c457018f4b3d204aea4281258b2120"},
]

[[package]]
name = "cftime"
version = "1.6.5"
description = "Time-handling functionality from netcdf4-python"
optional = false
python-versions = ">=3.10"
groups = ["main"]
files = [
    {file = "cftime-1.6.5-cp310-cp310-macosx_10_9_x86_64.whl", hash = "sha256:8ad81e8cb0eb873b33c3d1e22c6168163fdc64daa8f7aeb4da8092f272575f4d"},
    {file = "cftime-1.6.5-cp310-cp310-macosx_11_0_arm64.whl", hash = "sha256:12d95c6af852114a13301c5a61e41afdbd1542e72939c1083796f8418b9b8b0e"},
    {file = "cftime-1.6.5-cp310-cp310-manylinux2014_aarch64.manylinux_2_17_aarch64.whl", hash = "sha256:2659b7df700e27d9e3671f686ce474dfb5fc274966961edf996acc148dfa094a"},
    {file = "cftime-1.6.5-cp310-cp310-manylinux2014_x86_64.manylinux_2_17_x86_64.whl", hash = "sha256:94cebdfcda6a985b8e69aed22d00d6b8aa1f421495adbdcff1d59b3e896d81e2"},
    {file = "cftime-1.6.5-cp310-cp310-musllinux_1_2_x86_64.whl", hash = "sha256:179681b023349a2fe277ceccc89d4fc52c0dd105cb59b7187b5bc5d442875133"},
    {file = "cftime-1.6.5-cp310-cp310-win_amd64.whl", hash = "sha256:d8b9fdecb466879cfe8ca4472b229b6f8d0bb65e4ffd44266ae17484bac2cf38"},
    {file = "cftime-1.6.5-cp311-cp311-macosx_10_9_x86_64.whl", hash = "sha256:474e728f5a387299418f8d7cb9c52248dcd5d977b2a01de7ec06bba572e26b02"},
    {file = "cftime-1.6.5-cp311-cp311-macosx_11_0_arm64.whl", hash = "sha256:ab9e80d4de815cac2e2d88a2335231254980e545d0196eb34ee8f7ed612645f1"},
    {file = "cftime-1.6.5-cp311-cp311-manylinux2014_aarch64.manylinux_2_17_aarch64.whl", hash = "sha256:ad24a563784e4795cb3d04bd985895b5db49ace2cbb71fcf1321fd80141f9a52"},
    {file = "cftime-1.6.5-cp311-cp311-manylinux2014_x86_64.manylinux_2_17_x86_64.whl", hash = "sha256:a3cda6fd12c7fb25eff40a6a857a2bf4d03e8cc71f80485d8ddc65ccbd80f16a"},
    {file = "cftime-1.6.5-cp311-cp311-musllinux_1_2_x86_64.whl", hash = "sha256:28cda78d685397ba23d06273b9c916c3938d8d9e6872a537e76b8408a321369b"},
    {file = "cftime-1.6.5-cp311-cp311-win_amd64.whl", hash = "sha256:93ead088e3a216bdeb9368733a0ef89a7451dfc1d2de310c1c0366a56ad60dc8"},
    {file = "cftime-1.6.5-cp311-cp311-win_arm64.whl", hash = "sha256:3384d69a0a7f3d45bded21a8cbcce66c8ba06c13498eac26c2de41b1b9b6e890"},
    {file = "cftime-1.6.5-cp312-cp312-macosx_10_13_x86_64.whl", hash = "sha256:eef25caed5ebd003a38719bd3ff8847cd52ef2ea56c3ebdb2c9345ba131fc7c5"},
    {file = "cftime-1.6.5-cp312-cp312-macosx_11_0_arm64.whl", hash = "sha256:c87d2f3b949e45463e559233c69e6a9cf691b2b378c1f7556166adfabbd1c6b0"},
    {file = "cftime-1.6.5-cp312-cp312-manylinux2014_aarch64.manylinux_2_17_aarch64.whl", hash = "sha256:82cb413973cc51b55642b3a1ca5b28db5b93a294edbef7dc049c074b478b4647"},
    {file = "cftime-1.6.5-cp312-cp312-manylinux2014_x86_64.manylinux_2_17_x86_64.whl", hash = "sha256:85ba8e7356d239cfe56ef7707ac30feaf67964642ac760a82e507ee3c5db4ac4"},
    {file = "cftime-1.6.5-cp312-cp312-musllinux_1_2_x86_64.whl", hash = "sha256:456039af7907a3146689bb80bfd8edabd074c7f3b4eca61f91b9c2670addd7ad"},
    {file = "cftime-1.6.5-cp312-cp312-win_amd64.whl", hash = "sha256:da84534c43699960dc980a9a765c33433c5de1a719a4916748c2d0e97a071e44"},
    {file = "cftime-1.6.5-cp312-cp312-win_arm64.whl", hash = "sha256:c62cd8db9ea40131eea7d4523691c5d806d3265d31279e4a58574a42c28acd77"},
    {file = "cftime-1.6.5-cp313-cp313-macosx_10_13_x86_64.whl", hash = "sha256:4aba66fd6497711a47c656f3a732c2d1755ad15f80e323c44a8716ebde39ddd5"},
    {file = "cftime-1.6.5-cp313-cp313-macosx_11_0_arm64.whl", hash = "sha256:89e7cba699242366e67d6fb5aee579440e791063f92a93853610c91647167c0d"},
    {file = "cftime-1.6.5-cp313-cp313-manylinux2014_aarch64.manylinux_2_17_aarch64.whl", hash = "sha256:2f1eb43d7a7b919ec99aee709fb62ef87ef1cf0679829ef93d37cc1c725781e9"},
    {file = "cftime-1.6.5-cp313-cp313-manylinux2014_x86_64.manylinux_2_17_x86_64.whl", hash = "sha256:e02a1d80ffc33fe469c7db68aa24c4a87f01da0c0c621373e5edadc92964900b"},
    {file = "cftime-1.6.5-cp313-cp313-musllinux_1_2_x86_64.whl", hash = "sha256:18ab754805233cdd889614b2b3b86a642f6d51a57a1ec327c48053f3414f87d8"},
    {file = "cftime-1.6.5-cp313-cp313-win_amd64.whl", hash = "sha256:6c27add8f907f4a4cd400e89438f2ea33e2eb5072541a157a4d013b7dbe93f9c"},
    {file = "cftime-1.6.5-cp313-cp313-win_arm64.whl", hash = "sha256:31d1ff8f6bbd4ca209099d24459ec16dea4fb4c9ab740fbb66dd057ccbd9b1b9"},
    {file = "cftime-1.6.5-cp314-cp314-macosx_10_15_x86_64.whl", hash = "sha256:c69ce3bdae6a322cbb44e9ebc20770d47748002fb9d68846a1e934f1bd5daf0b"},
    {file = "cftime-1.6.5-cp314-cp314-macosx_11_0_arm64.whl", hash = "sha256:e62e9f2943e014c5ef583245bf2e878398af131c97e64f8cd47c1d7baef5c4e2"},
    {file = "cftime-1.6.5-cp314-cp314-manylinux2014_aarch64.manylinux_2_17_aarch64.whl", hash = "sha256:7da5fdaa4360d8cb89b71b8ded9314f2246aa34581e8105c94ad58d6102d9e4f"},
    {file = "cftime-1.6.5-cp314-cp314-manylinux2014_x86_64.manylinux_2_17_x86_64.whl", hash = "sha256:bff865b4ea4304f2744a1ad2b8149b8328b321dd7a2b9746ef926d229bd7cd49"},
    {file = "cftime-1.6.5-cp314-cp314-musllinux_1_2_x86_64.whl", hash = "sha256:e552c5d1c8a58f25af7521e49237db7ca52ed2953e974fe9f7c4491e95fdd36c"},
    {file = "cftime-1.6.5-cp314-cp314-win_amd64.whl", hash = "sha256:e645b095dc50a38ac454b7e7f0742f639e7d7f6b108ad329358544a6ff8c9ba2"},
    {file = "cftime-1.6.5-cp314-cp314-win_arm64.whl", hash = "sha256:b9044d7ac82d3d8af189df1032fdc871bbd3f3dd41a6ec79edceb5029b71e6e0"},
    {file = "cftime-1.6.5-cp314-cp314t-macosx_10_15_x86_64.whl", hash = "sha256:9ef56460cb0576e1a9161e1428c9e1a633f809a23fa9d598f313748c1ae5064e"},
    {file = "cftime-1.6.5-cp314-cp314t-macosx_11_0_arm64.whl", hash = "sha256:4f4873d38b10032f9f3111c547a1d485519ae64eee6a7a2d091f1f8b08e1ba50"},
    {file = "cftime-1.6.5-cp314-cp314t-manylinux2014_aarch64.manylinux_2_17_aarch64.whl", hash = "sha256:ccce0f4c9d3f38dd948a117e578b50d0e0db11e2ca9435fb358fd524813e4b61"},
    {file = "cftime-1.6.5-cp314-cp314t-manylinux2014_x86_64.manylinux_2_17_x86_64.whl", hash = "sha256:19cbfc5152fb0b34ce03acf9668229af388d7baa63a78f936239cb011ccbe6b1"},
    {file = "cftime-1.6.5-cp314-cp314t-win_amd64.whl", hash = "sha256:4470cd5ef3c2514566f53efbcbb64dd924fa0584637d90285b2f983bd4ee7d97"},
    {file = "cftime-1.6.5-cp314-cp314t-win_arm64.whl", hash = "sha256:034c15a67144a0a5590ef150c99f844897618b148b87131ed34fda7072614662"},
    {file = "cftime-1.6.5.tar.gz", hash = "sha256:8225fed6b9b43fb87683ebab52130450fc1730011150d3092096a90e54d1e81e"},
]

[package.dependencies]
numpy = ">=1.21.2"

[[package]]
name = "datetime"
version = "6.0"
description = "This package provides a DateTime data type, as known from Zope. Unless you need to communicate with Zope APIs, you're probably better off using Python's built-in datetime module."
optional = false
python-versions = ">=3.10"
groups = ["main"]
files = [
    {file = "datetime-6.0-py3-none-any.whl", hash = "sha256:d19988f0657a4e72c9438344157254a8dcad6aea8cd5ae70a5d1b5a75e5dc930"},
    {file = "datetime-6.0.tar.gz", hash = "sha256:c1514936d2f901e10c8e08d83bf04e6c9dbd7ca4f244da94fec980980a3bc4d5"},
]

[package.dependencies]
pytz = "*"
"zope.interface" = "*"

[[package]]
name = "netcdf4"
version = "1.7.4"
description = "Provides an object-oriented python interface to the netCDF version 4 library"
optional = false
python-versions = ">=3.10"
groups = ["main"]
files = [
    {file = "netcdf4-1.7.4-cp310-cp310-macosx_13_0_x86_64.whl", hash = "sha256:b1c1a7ea3678db76bf33d14f7e202385d634db38c5e70d8cf4895971023eebb9"},
    {file = "netcdf4-1.7.4-cp310-cp310-macosx_14_0_arm64.whl", hash = "sha256:d3f9497873454207f9480847d02b1b19a4bc81ad6e9166e1c17d4e2f8f3555d1"},
    {file = "netcdf4-1.7.4-cp310-cp310-manylinux_2_27_aarch64.manylinux_2_28_aarch64.whl", hash = "sha256:c8e18294af803e80f8c0339f791901942e268c334c099bbd5f7ea8325a49801a"},
    {file = "netcdf4-1.7.4-cp310-cp310-manylinux_2_27_x86_64.manylinux_2_28_x86_64.whl", hash = "sha256:0b06c0b93fd0ecc1ec67a582f3ba98b7db9da1fa843c8f83fd75990e3701771e"},
    {file = "netcdf4-1.7.4-cp310-cp310-win_amd64.whl", hash = "sha256:889ba77f084504aebaba9c6f9a88ac213431fef0e897f887cd35aef351ff7740"},
    {file = "netcdf4-1.7.4-cp311-abi3-macosx_13_0_x86_64.whl", hash = "sha256:dec70e809cc65b04ebe95113ee9c85ba46a51c3a37c058d2b2b0cadc4d3052d8"},
    {file = "netcdf4-1.7.4-cp311-abi3-macosx_14_0_arm64.whl", hash = "sha256:75cf59100f0775bc4d6b9d4aca7cbabd12e2b8cf3b9a4fb16d810b92743a315a"},
    {file = "netcdf4-1.7.4-cp311-abi3-manylinux_2_27_aarch64.manylinux_2_28_aarch64.whl", hash = "sha256:ddfc7e9d261125c74708119440c85ea288b5fee41db676d2ba1ce9be11f96932"},
    {file = "netcdf4-1.7.4-cp311-abi3-manylinux_2_27_x86_64.manylinux_2_28_x86_64.whl", hash = "sha256:a72c9f58767779ec14cb7451c3b56bdd8fdc027a792fac2062b14e090c5617f3"},
    {file = "netcdf4-1.7.4-cp311-abi3-win_amd64.whl", hash = "sha256:9476e1f23161ae5159cd1548c50c8a37922e77d76583e247133f256ef7b825fc"},
    {file = "netcdf4-1.7.4-cp311-abi3-win_arm64.whl", hash = "sha256:876ad9d58f09c98741c066c726164c45a098a58fb90e5fac9e74de4bb8a793fd"},
    {file = "netcdf4-1.7.4-cp311-cp311-manylinux_2_27_aarch64.manylinux_2_28_aarch64.whl", hash = "sha256:56688c03444fffe0d0c7512cb45245e650389cd841c955b30e4552fa681c4cd9"},
    {file = "netcdf4-1.7.4-cp311-cp311-manylinux_2_27_x86_64.manylinux_2_28_x86_64.whl", hash = "sha256:7ecf471ba8a6ddb2200121949bedfa0095db228822f38227d5da680694a38358"},
    {file = "netcdf4-1.7.4-cp314-cp314-manylinux_2_27_aarch64.manylinux_2_28_aarch64.whl", hash = "sha256:a5841de0735e8e4875b367c668e81d334287858d64dd9f3e3e2261e808c84922"},
    {file = "netcdf4-1.7.4-cp314-cp314-manylinux_2_27_x86_64.manylinux_2_28_x86_64.whl", hash = "sha256:86fac03a8c5b250d57866e7d98918a64742e4b0de1681c5c86bac5726bab8aee"},
    {file = "netcdf4-1.7.4-cp314-cp314t-macosx_13_0_x86_64.whl", hash = "sha256:ad083d260301b5add74b1669c75ab0df03bdf986decfcc092cb45eec2615b5f1"},
    {file = "netcdf4-1.7.4-cp314-cp314t-macosx_14_0_arm64.whl", hash = "sha256:7f22014092cc9da3f056b0368e2e38c42afd5725c87ad4843eb2f467e16dd4f6"},
    {file = "netcdf4-1.7.4-cp314-cp314t-manylinux_2_27_aarch64.manylinux_2_28_aarch64.whl", hash = "sha256:224a15434c165a5e0225e5831f591edf62533044b1ce62fdfee815195bbd077d"},
    {file = "netcdf4-1.7.4-cp314-cp314t-manylinux_2_27_x86_64.manylinux_2_28_x86_64.whl", hash = "sha256:31a2318305de6831a18df25ad0df9f03b6d68666af0356d4f6057d66c02ffeb6"},
    {file = "netcdf4-1.7.4-cp314-cp314t-win_amd64.whl", hash = "sha256:6c4a0aa9446c3a616ef3be015b629dc6173643f8b09546de26a4e40e272cd1ed"},
    {file = "netcdf4-1.7.4-cp314-cp314t-win_arm64.whl", hash = "sha256:034220887d48da032cb2db5958f69759dbb04eb33e279ec6390571d4aea734fe"},
    {file = "netcdf4-1.7.4.tar.gz", hash = "sha256:cdbfdc92d6f4d7192ca8506c9b3d4c1d9892969ff28d8e8e1fc97ca08bf12164"},
]

[package.dependencies]
certifi = "*"
cftime = "*"
numpy = [
    {version = ">=2.3.0", markers = "platform_system == \"Windows\" and platform_machine == \"ARM64\""},
    {version = ">=1.21.2", markers = "platform_system != \"Windows\" or platform_machine != \"ARM64\""},
]

[package.extras]
parallel = ["mpi4py"]
tests = ["Cython", "packaging", "pytest", "typing-extensions (>=4.15.0)"]

[[package]]
name = "numpy"
version = "2.4.1"
description = "Fundamental package for array computing in Python"
optional = false
python-versions = ">=3.11"
groups = ["main"]
files = [
    {file = "numpy-2.4.1-cp311-cp311-macosx_10_9_x86_64.whl", hash = "sha256:0cce2a669e3c8ba02ee563c7835f92c153cf02edff1ae05e1823f1dde21b16a5"},
    {file = "numpy-2.4.1-cp311-cp311-macosx_11_0_arm64.whl", hash = "sha256:899d2c18024984814ac7e83f8f49d8e8180e2fbe1b2e252f2e7f1d06bea92425"},
    {file = "numpy-2.4.1-cp311-cp311-macosx_14_0_arm64.whl", hash = "sha256:09aa8a87e45b55a1c2c205d42e2808849ece5c484b2aab11fecabec3841cafba"},
    {file = "numpy-2.4.1-cp311-cp311-macosx_14_0_x86_64.whl", hash = "sha256:edee228f76ee2dab4579fad6f51f6a305de09d444280109e0f75df247ff21501"},
    {file = "numpy-2.4.1-cp311-cp311-manylinux_2_27_aarch64.manylinux_2_28_aarch64.whl", hash = "sha256:a92f227dbcdc9e4c3e193add1a189a9909947d4f8504c576f4a732fd0b54240a"},
    {file = "numpy-2.4.1-cp311-cp311-manylinux_2_27_x86_64.manylinux_2_28_x86_64.whl", hash = "sha256:538bf4ec353709c765ff75ae616c34d3c3dca1a68312727e8f2676ea644f8509"},
    {file = "numpy-2.4.1-cp311-cp311-musllinux_1_2_aarch64.whl", hash = "sha256:ac08c63cb7779b85e9d5318e6c3518b424bc1f364ac4cb2c6136f12e5ff2dccc"},
    {file = "numpy-2.4.1-cp311-cp311-musllinux_1_2_x86_64.whl", hash = "sha256:4f9c360ecef085e5841c539a9a12b883dff005fbd7ce46722f5e9cef52634d82"},
    {file = "numpy-2.4.1-cp311-cp311-win32.whl", hash = "sha256:0f118ce6b972080ba0758c6087c3617b5ba243d806268623dc34216d69099ba0"},
    {file = "numpy-2.4.1-cp311-cp311-win_amd64.whl", hash = "sha256:18e14c4d09d55eef39a6ab5b08406e84bc6869c1e34eef45564804f90b7e0574"},
    {file = "numpy-2.4.1-cp311-cp311-win_arm64.whl", hash = "sha256:6461de5113088b399d655d45c3897fa188766415d0f568f175ab071c8873bd73"},
    {file = "numpy-2.4.1-cp312-cp312-macosx_10_13_x86_64.whl", hash = "sha256:d3703409aac693fa82c0aee023a1ae06a6e9d065dba10f5e8e80f642f1e9d0a2"},
    {file = "numpy-2.4.1-cp312-cp312-macosx_11_0_arm64.whl", hash = "sha256:7211b95ca365519d3596a1d8688a95874cc94219d417504d9ecb2df99fa7bfa8"},
    {file = "numpy-2.4.1-cp312-cp312-macosx_14_0_arm64.whl", hash = "sha256:5adf01965456a664fc727ed69cc71848f28d063217c63e1a0e200a118d5eec9a"},
    {file = "numpy-2.4.1-cp312-cp312-macosx_14_0_x86_64.whl", hash = "sha256:26f0bcd9c79a00e339565b303badc74d3ea2bd6d52191eeca5f95936cad107d0"},
    {file = "numpy-2.4.1-cp312-cp312-manylinux_2_27_aarch64.manylinux_2_28_aarch64.whl", hash = "sha256:0093e85df2960d7e4049664b26afc58b03236e967fb942354deef3208857a04c"},
    {file = "numpy-2.4.1-cp312-cp312-manylinux_2_27_x86_64.manylinux_2_28_x86_64.whl", hash = "sha256:7ad270f438cbdd402c364980317fb6b117d9ec5e226fff5b4148dd9aa9fc6e02"},
    {file = "numpy-2.4.1-cp312-cp312-musllinux_1_2_aarch64.whl", hash = "sha256:297c72b1b98100c2e8f873d5d35fb551fce7040ade83d67dd51d38c8d42a2162"},
    {file = "numpy-2.4.1-cp312-cp312-musllinux_1_2_x86_64.whl", hash = "sha256:cf6470d91d34bf669f61d515499859fa7a4c2f7c36434afb70e82df7217933f9"},
    {file = "numpy-2.4.1-cp312-cp312-win32.whl", hash = "sha256:b6bcf39112e956594b3331316d90c90c90fb961e39696bda97b89462f5f3943f"},
    {file = "numpy-2.4.1-cp312-cp312-win_amd64.whl", hash = "sha256:e1a27bb1b2dee45a2a53f5ca6ff2d1a7f135287883a1689e930d44d1ff296c87"},
    {file = "numpy-2.4.1-cp312-cp312-win_arm64.whl", hash = "sha256:0e6e8f9d9ecf95399982019c01223dc130542960a12edfa8edd1122dfa66a8a8"},
    {file = "numpy-2.4.1-cp313-cp313-macosx_10_13_x86_64.whl", hash = "sha256:d797454e37570cfd61143b73b8debd623c3c0952959adb817dd310a483d58a1b"},
    {file = "numpy-2.4.1-cp313-cp313-macosx_11_0_arm64.whl", hash = "sha256:82c55962006156aeef1629b953fd359064aa47e4d82cfc8e67f0918f7da3344f"},
    {file = "numpy-2.4.1-cp313-cp313-macosx_14_0_arm64.whl", hash = "sha256:71abbea030f2cfc3092a0ff9f8c8fdefdc5e0bf7d9d9c99663538bb0ecdac0b9"},
    {file = "numpy-2.4.1-cp313-cp313-macosx_14_0_x86_64.whl", hash = "sha256:5b55aa56165b17aaf15520beb9cbd33c9039810e0d9643dd4379e44294c7303e"},
    {file = "numpy-2.4.1-cp313-cp313-manylinux_2_27_aarch64.manylinux_2_28_aarch64.whl", hash = "sha256:c0faba4a331195bfa96f93dd9dfaa10b2c7aa8cda3a02b7fd635e588fe821bf5"},
    {file = "numpy-2.4.1-cp313-cp313-manylinux_2_27_x86_64.manylinux_2_28_x86_64.whl", hash = "sha256:d3e3087f53e2b4428766b54932644d148613c5a595150533ae7f00dab2f319a8"},
    {file = "numpy-2.4.1-cp313-cp313-musllinux_1_2_aarch64.whl", hash = "sha256:49e792ec351315e16da54b543db06ca8a86985ab682602d90c60ef4ff4db2a9c"},
    {file = "numpy-2.4.1-cp313-cp313-musllinux_1_2_x86_64.whl", hash = "sha256:79e9e06c4c2379db47f3f6fc7a8652e7498251789bf8ff5bd43bf478ef314ca2"},
    {file = "numpy-2.4.1-cp313-cp313-win32.whl", hash = "sha256:3d1a100e48cb266090a031397863ff8a30050ceefd798f686ff92c67a486753d"},
    {file = "numpy-2.4.1-cp313-cp313-win_amd64.whl", hash = "sha256:92a0e65272fd60bfa0d9278e0484c2f52fe03b97aedc02b357f33fe752c52ffb"},
    {file = "numpy-2.4.1-cp313-cp313-win_arm64.whl", hash = "sha256:20d4649c773f66cc2fc36f663e091f57c3b7655f936a4c681b4250855d1da8f5"},
    {file = "numpy-2.4.1-cp313-cp313t-macosx_11_0_arm64.whl", hash = "sha256:f93bc6892fe7b0663e5ffa83b61aab510aacffd58c16e012bb9352d489d90cb7"},
    {file = "numpy-2.4.1-cp313-cp313t-macosx_14_0_arm64.whl", hash = "sha256:178de8f87948163d98a4c9ab5bee4ce6519ca918926ec8df195af582de28544d"},
    {file = "numpy-2.4.1-cp313-cp313t-macosx_14_0_x86_64.whl", hash = "sha256:98b35775e03ab7f868908b524fc0a84d38932d8daf7b7e1c3c3a1b6c7a2c9f15"},
    {file = "numpy-2.4.1-cp313-cp313t-manylinux_2_27_aarch64.manylinux_2_28_aarch64.whl", hash = "sha256:941c2a93313d030f219f3a71fd3d91a728b82979a5e8034eb2e60d394a2b83f9"},
    {file = "numpy-2.4.1-cp313-cp313t-manylinux_2_27_x86_64.manylinux_2_28_x86_64.whl", hash = "sha256:529050522e983e00a6c1c6b67411083630de8b57f65e853d7b03d9281b8694d2"},
    {file = "numpy-2.4.1-cp313-cp313t-musllinux_1_2_aarch64.whl", hash = "sha256:2302dc0224c1cbc49bb94f7064f3f923a971bfae45c33870dcbff63a2a550505"},
    {file = "numpy-2.4.1-cp313-cp313t-musllinux_1_2_x86_64.whl", hash = "sha256:9171a42fcad32dcf3fa86f0a4faa5e9f8facefdb276f54b8b390d90447cff4e2"},
    {file = "numpy-2.4.1-cp313-cp313t-win32.whl", hash = "sha256:382ad67d99ef49024f11d1ce5dcb5ad8432446e4246a4b014418ba3a1175a1f4"},
    {file = "numpy-2.4.1-cp313-cp313t-win_amd64.whl", hash = "sha256:62fea415f83ad8fdb6c20840578e5fbaf5ddd65e0ec6c3c47eda0f69da172510"},
    {file = "numpy-2.4.1-cp313-cp313t-win_arm64.whl", hash = "sha256:a7870e8c5fc11aef57d6fea4b4085e537a3a60ad2cdd14322ed531fdca68d261"},
    {file = "numpy-2.4.1-cp314-cp314-macosx_10_15_x86_64.whl", hash = "sha256:3869ea1ee1a1edc16c29bbe3a2f2a4e515cc3a44d43903ad41e0cacdbaf733dc"},
    {file = "numpy-2.4.1-cp314-cp314-macosx_11_0_arm64.whl", hash = "sha256:e867df947d427cdd7a60e3e271729090b0f0df80f5f10ab7dd436f40811699c3"},
    {file = "numpy-2.4.1-cp314-cp314-macosx_14_0_arm64.whl", hash = "sha256:e3bd2cb07841166420d2fa7146c96ce00cb3410664cbc1a6be028e456c4ee220"},
    {file = "numpy-2.4.1-cp314-cp314-macosx_14_0_x86_64.whl", hash = "sha256:f0a90aba7d521e6954670550e561a4cb925713bd944445dbe9e729b71f6cabee"},
    {file = "numpy-2.4.1-cp314-cp314-manylinux_2_27_aarch64.manylinux_2_28_aarch64.whl", hash = "sha256:5d558123217a83b2d1ba316b986e9248a1ed1971ad495963d555ccd75dcb1556"},
    {file = "numpy-2.4.1-cp314-cp314-manylinux_2_27_x86_64.manylinux_2_28_x86_64.whl", hash = "sha256:2f44de05659b67d20499cbc96d49f2650769afcb398b79b324bb6e297bfe3844"},
    {file = "numpy-2.4.1-cp314-cp314-musllinux_1_2_aarch64.whl", hash = "sha256:69e7419c9012c4aaf695109564e3387f1259f001b4326dfa55907b098af082d3"},
    {file = "numpy-2.4.1-cp314-cp314-musllinux_1_2_x86_64.whl", hash = "sha256:2ffd257026eb1b34352e749d7cc1678b5eeec3e329ad8c9965a797e08ccba205"},
    {file = "numpy-2.4.1-cp314-cp314-win32.whl", hash = "sha256:727c6c3275ddefa0dc078524a85e064c057b4f4e71ca5ca29a19163c607be745"},
    {file = "numpy-2.4.1-cp314-cp314-win_amd64.whl", hash = "sha256:7d5d7999df434a038d75a748275cd6c0094b0ecdb0837342b332a82defc4dc4d"},
    {file = "numpy-2.4.1-cp314-cp314-win_arm64.whl", hash = "sha256:ce9ce141a505053b3c7bce3216071f3bf5c182b8b28930f14cd24d43932cd2df"},
    {file = "numpy-2.4.1-cp314-cp314t-macosx_11_0_arm64.whl", hash = "sha256:4e53170557d37ae404bf8d542ca5b7c629d6efa1117dac6a83e394142ea0a43f"},
    {file = "numpy-2.4.1-cp314-cp314t-macosx_14_0_arm64.whl", hash = "sha256:a73044b752f5d34d4232f25f18160a1cc418ea4507f5f11e299d8ac36875f8a0"},
    {file = "numpy-2.4.1-cp314-cp314t-macosx_14_0_x86_64.whl", hash = "sha256:fb1461c99de4d040666ca0444057b06541e5642f800b71c56e6ea92d6a853a0c"},
    {file = "numpy-2.4.1-cp314-cp314t-manylinux_2_27_aarch64.manylinux_2_28_aarch64.whl", hash = "sha256:423797bdab2eeefbe608d7c1ec7b2b4fd3c58d51460f1ee26c7500a1d9c9ee93"},
    {file = "numpy-2.4.1-cp314-cp314t-manylinux_2_27_x86_64.manylinux_2_28_x86_64.whl", hash = "sha256:52b5f61bdb323b566b528899cc7db2ba5d1015bda7ea811a8bcf3c89c331fa42"},
    {file = "numpy-2.4.1-cp314-cp314t-musllinux_1_2_aarch64.whl", hash = "sha256:42d7dd5fa36d16d52a84f821eb96031836fd405ee6955dd732f2023724d0aa01"},
    {file = "numpy-2.4.1-cp314-cp314t-musllinux_1_2_x86_64.whl", hash = "sha256:e7b6b5e28bbd47b7532698e5db2fe1db693d84b58c254e4389d99a27bb9b8f6b"},
    {file = "numpy-2.4.1-cp314-cp314t-win32.whl", hash = "sha256:5de60946f14ebe15e713a6f22850c2372fa72f4ff9a432ab44aa90edcadaa65a"},
    {file = "numpy-2.4.1-cp314-cp314t-win_amd64.whl", hash = "sha256:8f085da926c0d491ffff3096f91078cc97ea67e7e6b65e490bc8dcda65663be2"},
    {file = "numpy-2.4.1-cp314-cp314t-win_arm64.whl", hash = "sha256:6436cffb4f2bf26c974344439439c95e152c9a527013f26b3577be6c2ca64295"},
    {file = "numpy-2.4.1-pp311-pypy311_pp73-macosx_10_15_x86_64.whl", hash = "sha256:8ad35f20be147a204e28b6a0575fbf3540c5e5f802634d4258d55b1ff5facce1"},
    {file = "numpy-2.4.1-pp311-pypy311_pp73-macosx_11_0_arm64.whl", hash = "sha256:8097529164c0f3e32bb89412a0905d9100bf434d9692d9fc275e18dcf53c9344"},
    {file = "numpy-2.4.1-pp311-pypy311_pp73-macosx_14_0_arm64.whl", hash = "sha256:ea66d2b41ca4a1630aae5507ee0a71647d3124d1741980138aa8f28f44dac36e"},
    {file = "numpy-2.4.1-pp311-pypy311_pp73-macosx_14_0_x86_64.whl", hash = "sha256:d3f8f0df9f4b8be57b3bf74a1d087fec68f927a2fab68231fdb442bf2c12e426"},
    {file = "numpy-2.4.1-pp311-pypy311_pp73-manylinux_2_27_aarch64.manylinux_2_28_aarch64.whl", hash = "sha256:2023ef86243690c2791fd6353e5b4848eedaa88ca8a2d129f462049f6d484696"},
    {file = "numpy-2.4.1-pp311-pypy311_pp73-manylinux_2_27_x86_64.manylinux_2_28_x86_64.whl", hash = "sha256:8361ea4220d763e54cff2fbe7d8c93526b744f7cd9ddab47afeff7e14e8503be"},
    {file = "numpy-2.4.1-pp311-pypy311_pp73-win_amd64.whl", hash = "sha256:4f1b68ff47680c2925f8063402a693ede215f0257f02596b1318ecdfb1d79e33"},
    {file = "numpy-2.4.1.tar.gz", hash = "sha256:a1ceafc5042451a858231588a104093474c6a5c57dcc724841f5c888d237d690"},
]

[[package]]
name = "packaging"
version = "26.0"
description = "Core utilities for Python packages"
optional = false
python-versions = ">=3.8"
groups = ["main"]
files = [
    {file = "packaging-26.0-py3-none-any.whl", hash = "sha256:b36f1fef9334a5588b4166f8bcd26a14e521f2b55e6b9de3aaa80d3ff7a37529"},
    {file = "packaging-26.0.tar.gz", hash = "sha256:00243ae351a257117b6a241061796684b084ed1c516a08c48a3f7e147a9d80b4"},
]

[[package]]
name = "pandas"
version = "3.0.0"
description = "Powerful data structures for data analysis, time series, and statistics"
optional = false
python-versions = ">=3.11"
groups = ["main"]
files = [
    {file = "pandas-3.0.0-cp311-cp311-macosx_10_9_x86_64.whl", hash = "sha256:d64ce01eb9cdca96a15266aa679ae50212ec52757c79204dbc7701a222401850"},
    {file = "pandas-3.0.0-cp311-cp311-macosx_11_0_arm64.whl", hash = "sha256:613e13426069793aa1ec53bdcc3b86e8d32071daea138bbcf4fa959c9cdaa2e2"},
    {file = "pandas-3.0.0-cp311-cp311-manylinux_2_24_aarch64.manylinux_2_28_aarch64.whl", hash = "sha256:0192fee1f1a8e743b464a6607858ee4b071deb0b118eb143d71c2a1d170996d5"},
    {file = "pandas-3.0.0-cp311-cp311-manylinux_2_24_x86_64.manylinux_2_28_x86_64.whl", hash = "sha256:f0b853319dec8d5e0c8b875374c078ef17f2269986a78168d9bd57e49bf650ae"},
    {file = "pandas-3.0.0-cp311-cp311-musllinux_1_2_aarch64.whl", hash = "sha256:707a9a877a876c326ae2cb640fbdc4ef63b0a7b9e2ef55c6df9942dcee8e2af9"},
    {file = "pandas-3.0.0-cp311-cp311-musllinux_1_2_x86_64.whl", hash = "sha256:afd0aa3d0b5cda6e0b8ffc10dbcca3b09ef3cbcd3fe2b27364f85fdc04e1989d"},
    {file = "pandas-3.0.0-cp311-cp311-win_amd64.whl", hash = "sha256:113b4cca2614ff7e5b9fee9b6f066618fe73c5a83e99d721ffc41217b2bf57dd"},
    {file = "pandas-3.0.0-cp311-cp311-win_arm64.whl", hash = "sha256:c14837eba8e99a8da1527c0280bba29b0eb842f64aa94982c5e21227966e164b"},
    {file = "pandas-3.0.0-cp312-cp312-macosx_10_13_x86_64.whl", hash = "sha256:9803b31f5039b3c3b10cc858c5e40054adb4b29b4d81cb2fd789f4121c8efbcd"},
    {file = "pandas-3.0.0-cp312-cp312-macosx_11_0_arm64.whl", hash = "sha256:14c2a4099cd38a1d18ff108168ea417909b2dea3bd1ebff2ccf28ddb6a74d740"},
    {file = "pandas-3.0.0-cp312-cp312-manylinux_2_24_aarch64.manylinux_2_28_aarch64.whl", hash = "sha256:d257699b9a9960e6125686098d5714ac59d05222bef7a5e6af7a7fd87c650801"},
    {file = "pandas-3.0.0-cp312-cp312-manylinux_2_24_x86_64.manylinux_2_28_x86_64.whl", hash = "sha256:69780c98f286076dcafca38d8b8eee1676adf220199c0a39f0ecbf976b68151a"},
    {file = "pandas-3.0.0-cp312-cp312-musllinux_1_2_aarch64.whl", hash = "sha256:4a66384f017240f3858a4c8a7cf21b0591c3ac885cddb7758a589f0f71e87ebb"},
    {file = "pandas-3.0.0-cp312-cp312-musllinux_1_2_x86_64.whl", hash = "sha256:be8c515c9bc33989d97b89db66ea0cececb0f6e3c2a87fcc8b69443a6923e95f"},
    {file = "pandas-3.0.0-cp312-cp312-win_amd64.whl", hash = "sha256:a453aad8c4f4e9f166436994a33884442ea62aa8b27d007311e87521b97246e1"},
    {file = "pandas-3.0.0-cp312-cp312-win_arm64.whl", hash = "sha256:da768007b5a33057f6d9053563d6b74dd6d029c337d93c6d0d22a763a5c2ecc0"},
    {file = "pandas-3.0.0-cp313-cp313-macosx_10_13_x86_64.whl", hash = "sha256:b78d646249b9a2bc191040988c7bb524c92fa8534fb0898a0741d7e6f2ffafa6"},
    {file = "pandas-3.0.0-cp313-cp313-macosx_11_0_arm64.whl", hash = "sha256:bc9cba7b355cb4162442a88ce495e01cb605f17ac1e27d6596ac963504e0305f"},
    {file = "pandas-3.0.0-cp313-cp313-manylinux_2_24_aarch64.manylinux_2_28_aarch64.whl", hash = "sha256:3c9a1a149aed3b6c9bf246033ff91e1b02d529546c5d6fb6b74a28fea0cf4c70"},
    {file = "pandas-3.0.0-cp313-cp313-manylinux_2_24_x86_64.manylinux_2_28_x86_64.whl", hash = "sha256:95683af6175d884ee89471842acfca29172a85031fccdabc35e50c0984470a0e"},
    {file = "pandas-3.0.0-cp313-cp313-musllinux_1_2_aarch64.whl", hash = "sha256:1fbbb5a7288719e36b76b4f18d46ede46e7f916b6c8d9915b756b0a6c3f792b3"},
    {file = "pandas-3.0.0-cp313-cp313-musllinux_1_2_x86_64.whl", hash = "sha256:8e8b9808590fa364416b49b2a35c1f4cf2785a6c156935879e57f826df22038e"},
    {file = "pandas-3.0.0-cp313-cp313-win_amd64.whl", hash = "sha256:98212a38a709feb90ae658cb6227ea3657c22ba8157d4b8f913cd4c950de5e7e"},
    {file = "pandas-3.0.0-cp313-cp313-win_arm64.whl", hash = "sha256:177d9df10b3f43b70307a149d7ec49a1229a653f907aa60a48f1877d0e6be3be"},
    {file = "pandas-3.0.0-cp313-cp313t-macosx_10_13_x86_64.whl", hash = "sha256:2713810ad3806767b89ad3b7b69ba153e1c6ff6d9c20f9c2140379b2a98b6c98"},
    {file = "pandas-3.0.0-cp313-cp313t-macosx_11_0_arm64.whl", hash = "sha256:15d59f885ee5011daf8335dff47dcb8a912a27b4ad7826dc6cbe809fd145d327"},
    {file = "pandas-3.0.0-cp313-cp313t-manylinux_2_24_aarch64.manylinux_2_28_aarch64.whl", hash = "sha256:24e6547fb64d2c92665dd2adbfa4e85fa4fd70a9c070e7cfb03b629a0bbab5eb"},
    {file = "pandas-3.0.0-cp313-cp313t-manylinux_2_24_x86_64.manylinux_2_28_x86_64.whl", hash = "sha256:48ee04b90e2505c693d3f8e8f524dab8cb8aaf7ddcab52c92afa535e717c4812"},
    {file = "pandas-3.0.0-cp313-cp313t-musllinux_1_2_aarch64.whl", hash = "sha256:66f72fb172959af42a459e27a8d8d2c7e311ff4c1f7db6deb3b643dbc382ae08"},
    {file = "pandas-3.0.0-cp313-cp313t-musllinux_1_2_x86_64.whl", hash = "sha256:4a4a400ca18230976724a5066f20878af785f36c6756e498e94c2a5e5d57779c"},
    {file = "pandas-3.0.0-cp313-cp313t-win_amd64.whl", hash = "sha256:940eebffe55528074341a5a36515f3e4c5e25e958ebbc764c9502cfc35ba3faa"},
    {file = "pandas-3.0.0-cp314-cp314-macosx_10_15_x86_64.whl", hash = "sha256:597c08fb9fef0edf1e4fa2f9828dd27f3d78f9b8c9b4a748d435ffc55732310b"},
    {file = "pandas-3.0.0-cp314-cp314-macosx_11_0_arm64.whl", hash = "sha256:447b2d68ac5edcbf94655fe909113a6dba6ef09ad7f9f60c80477825b6c489fe"},
    {file = "pandas-3.0.0-cp314-cp314-manylinux_2_24_aarch64.manylinux_2_28_aarch64.whl", hash = "sha256:debb95c77ff3ed3ba0d9aa20c3a2f19165cc7956362f9873fce1ba0a53819d70"},
    {file = "pandas-3.0.0-cp314-cp314-manylinux_2_24_x86_64.manylinux_2_28_x86_64.whl", hash = "sha256:fedabf175e7cd82b69b74c30adbaa616de301291a5231138d7242596fc296a8d"},
    {file = "pandas-3.0.0-cp314-cp314-musllinux_1_2_aarch64.whl", hash = "sha256:412d1a89aab46889f3033a386912efcdfa0f1131c5705ff5b668dda88305e986"},
    {file = "pandas-3.0.0-cp314-cp314-musllinux_1_2_x86_64.whl", hash = "sha256:e979d22316f9350c516479dd3a92252be2937a9531ed3a26ec324198a99cdd49"},
    {file = "pandas-3.0.0-cp314-cp314-win_amd64.whl", hash = "sha256:083b11415b9970b6e7888800c43c82e81a06cd6b06755d84804444f0007d6bb7"},
    {file = "pandas-3.0.0-cp314-cp314-win_arm64.whl", hash = "sha256:5db1e62cb99e739fa78a28047e861b256d17f88463c76b8dafc7c1338086dca8"},
    {file = "pandas-3.0.0-cp314-cp314t-macosx_10_15_x86_64.whl", hash = "sha256:697b8f7d346c68274b1b93a170a70974cdc7d7354429894d5927c1effdcccd73"},
    {file = "pandas-3.0.0-cp314-cp314t-macosx_11_0_arm64.whl", hash = "sha256:8cb3120f0d9467ed95e77f67a75e030b67545bcfa08964e349252d674171def2"},
    {file = "pandas-3.0.0-cp314-cp314t-manylinux_2_24_aarch64.manylinux_2_28_aarch64.whl", hash = "sha256:33fd3e6baa72899746b820c31e4b9688c8e1b7864d7aec2de7ab5035c285277a"},
    {file = "pandas-3.0.0-cp314-cp314t-manylinux_2_24_x86_64.manylinux_2_28_x86_64.whl", hash = "sha256:a8942e333dc67ceda1095227ad0febb05a3b36535e520154085db632c40ad084"},
    {file = "pandas-3.0.0-cp314-cp314t-musllinux_1_2_aarch64.whl", hash = "sha256:783ac35c4d0fe0effdb0d67161859078618b1b6587a1af15928137525217a721"},
    {file = "pandas-3.0.0-cp314-cp314t-musllinux_1_2_x86_64.whl", hash = "sha256:125eb901e233f155b268bbef9abd9afb5819db74f0e677e89a61b246228c71ac"},
    {file = "pandas-3.0.0-cp314-cp314t-win_amd64.whl", hash = "sha256:b86d113b6c109df3ce0ad5abbc259fe86a1bd4adfd4a31a89da42f84f65509bb"},
    {file = "pandas-3.0.0-cp314-cp314t-win_arm64.whl", hash = "sha256:1c39eab3ad38f2d7a249095f0a3d8f8c22cc0f847e98ccf5bbe732b272e2d9fa"},
    {file = "pandas-3.0.0.tar.gz", hash = "sha256:0facf7e87d38f721f0af46fe70d97373a37701b1c09f7ed7aeeb292ade5c050f"},
]

[package.dependencies]
numpy = [
    {version = ">=1.26.0", markers = "python_version < \"3.14\""},
    {version = ">=2.3.3", markers = "python_version >= \"3.14\""},
]
python-dateutil = ">=2.8.2"
tzdata = {version = "*", markers = "sys_platform == \"win32\" or sys_platform == \"emscripten\""}

[package.extras]
all = ["PyQt5 (>=5.15.9)", "SQLAlchemy (>=2.0.36)", "adbc-driver-postgresql (>=1.2.0)", "adbc-driver-sqlite (>=1.2.0)", "beautifulsoup4 (>=4.12.3)", "bottleneck (>=1.4.2)", "fastparquet (>=2024.11.0)", "fsspec (>=2024.10.0)", "gcsfs (>=2024.10.0)", "html5lib (>=1.1)", "hypothesis (>=6.116.0)", "jinja2 (>=3.1.5)", "lxml (>=5.3.0)", "matplotlib (>=3.9.3)", "numba (>=0.60.0)", "numexpr (>=2.10.2)", "odfpy (>=1.4.1)", "openpyxl (>=3.1.5)", "psycopg2 (>=2.9.10)", "pyarrow (>=13.0.0)", "pyiceberg (>=0.8.1)", "pymysql (>=1.1.1)", "pyreadstat (>=1.2.8)", "pytest (>=8.3.4)", "pytest-xdist (>=3.6.1)", "python-calamine (>=0.3.0)", "pytz (>=2024.2)", "pyxlsb (>=1.0.10)", "qtpy (>=2.4.2)", "s3fs (>=2024.10.0)", "scipy (>=1.14.1)", "tables (>=3.10.1)", "tabulate (>=0.9.0)", "xarray (>=2024.10.0)", "xlrd (>=2.0.1)", "xlsxwriter (>=3.2.0)", "zstandard (>=0.23.0)"]
aws = ["s3fs (>=2024.10.0)"]
clipboard = ["PyQt5 (>=5.15.9)", "qtpy (>=2.4.2)"]
compression = ["zstandard (>=0.23.0)"]
computation = ["scipy (>=1.14.1)", "xarray (>=2024.10.0)"]
excel = ["odfpy (>=1.4.1)", "openpyxl (>=3.1.5)", "python-calamine (>=0.3.0)", "pyxlsb (>=1.0.10)", "xlrd (>=2.0.1)", "xlsxwriter (>=3.2.0)"]
feather = ["pyarrow (>=13.0.0)"]
fss = ["fsspec (>=2024.10.0)"]
gcp = ["gcsfs (>=2024.10.0)"]
hdf5 = ["tables (>=3.10.1)"]
html = ["beautifulsoup4 (>=4.12.3)", "html5lib (>=1.1)", "lxml (>=5.3.0)"]
iceberg = ["pyiceberg (>=0.8.1)"]
mysql = ["SQLAlchemy (>=2.0.36)", "pymysql (>=1.1.1)"]
output-formatting = ["jinja2 (>=3.1.5)", "tabulate (>=0.9.0)"]
parquet = ["pyarrow (>=13.0.0)"]
performance = ["bottleneck (>=1.4.2)", "numba (>=0.60.0)", "numexpr (>=2.10.2)"]
plot = ["matplotlib (>=3.9.3)"]
postgresql = ["SQLAlchemy (>=2.0.36)", "adbc-driver-postgresql (>=1.2.0)", "psycopg2 (>=2.9.10)"]
pyarrow = ["pyarrow (>=13.0.0)"]
spss = ["pyreadstat (>=1.2.8)"]
sql-other = ["SQLAlchemy (>=2.0.36)", "adbc-driver-postgresql (>=1.2.0)", "adbc-driver-sqlite (>=1.2.0)"]
test = ["hypothesis (>=6.116.0)", "pytest (>=8.3.4)", "pytest-xdist (>=3.6.1)"]
timezone = ["pytz (>=2024.2)"]
xml = ["lxml (>=5.3.0)"]

[[package]]
name = "python-dateutil"
version = "2.9.0.post0"
description = "Extensions to the standard Python datetime module"
optional = false
python-versions = "!=3.0.*,!=3.1.*,!=3.2.*,>=2.7"
groups = ["main"]
files = [
    {file = "python-dateutil-2.9.0.post0.tar.gz", hash = "sha256:37dd54208da7e1cd875388217d5e00ebd4179249f90fb72437e91a35459a0ad3"},
    {file = "python_dateutil-2.9.0.post0-py2.py3-none-any.whl", hash = "sha256:a8b2bc7bffae282281c8140a97d3aa9c14da0b136dfe83f850eea9a5f7470427"},
]

[package.dependencies]
six = ">=1.5"

[[package]]
name = "pytz"
version = "2025.2"
description = "World timezone definitions, modern and historical"
optional = false
python-versions = "*"
groups = ["main"]
files = [
    {file = "pytz-2025.2-py2.py3-none-any.whl", hash = "sha256:5ddf76296dd8c44c26eb8f4b6f35488f3ccbf6fbbd7adee0b7262d43f0ec2f00"},
    {file = "pytz-2025.2.tar.gz", hash = "sha256:360b9e3dbb49a209c21ad61809c7fb453643e048b38924c765813546746e81c3"},
]

[[package]]
name = "six"
version = "1.17.0"
description = "Python 2 and 3 compatibility utilities"
optional = false
python-versions = "!=3.0.*,!=3.1.*,!=3.2.*,>=2.7"
groups = ["main"]
files = [
    {file = "six-1.17.0-py2.py3-none-any.whl", hash = "sha256:4721f391ed90541fddacab5acf947aa0d3dc7d27b2e1e8eda2be8970586c3274"},
    {file = "six-1.17.0.tar.gz", hash = "sha256:ff70335d468e7eb6ec65b95b99d3a2836546063f63acc5171de367e834932a81"},
]

[[package]]
name = "tzdata"
version = "2025.3"
description = "Provider of IANA time zone data"
optional = false
python-versions = ">=2"
groups = ["main"]
markers = "sys_platform == \"win32\" or sys_platform == \"emscripten\""
files = [
    {file = "tzdata-2025.3-py2.py3-none-any.whl", hash = "sha256:06a47e5700f3081aab02b2e513160914ff0694bce9947d6b76ebd6bf57cfc5d1"},
    {file = "tzdata-2025.3.tar.gz", hash = "sha256:de39c2ca5dc7b0344f2eba86f49d614019d29f060fc4ebc8a417896a620b56a7"},
]

[[package]]
name = "xarray"
version = "2025.12.0"
description = "N-D labeled arrays and datasets in Python"
optional = false
python-versions = ">=3.11"
groups = ["main"]
files = [
    {file = "xarray-2025.12.0-py3-none-any.whl", hash = "sha256:9e77e820474dbbe4c6c2954d0da6342aa484e33adaa96ab916b15a786181e970"},
    {file = "xarray-2025.12.0.tar.gz", hash = "sha256:73f6a6fadccc69c4d45bdd70821a47c72de078a8a0313ff8b1e97cd54ac59fed"},
]

[package.dependencies]
numpy = ">=1.26"
packaging = ">=24.1"
pandas = ">=2.2"

[package.extras]
accel = ["bottleneck", "flox (>=0.9)", "numba (>=0.62)", "numbagg (>=0.8)", "opt_einsum", "scipy (>=1.13)"]
complete = ["xarray[accel,etc,io,parallel,viz]"]
etc = ["sparse (>=0.15)"]
io = ["cftime", "fsspec", "h5netcdf", "netCDF4 (>=1.6.0)", "pooch", "pydap", "scipy (>=1.13)", "zarr (>=2.18)"]
parallel = ["dask[complete]"]
types = ["pandas-stubs", "scipy-stubs", "types-PyYAML", "types-Pygments", "types-colorama", "types-decorator", "types-defusedxml", "types-docutils", "types-networkx", "types-openpyxl", "types-pexpect", "types-psutil", "types-pycurl", "types-python-dateutil", "types-pytz", "types-requests", "types-setuptools"]
viz = ["cartopy (>=0.23)", "matplotlib (>=3.8)", "nc-time-axis", "seaborn"]

[[package]]
name = "zope-interface"
version = "8.2"
description = "Interfaces for Python"
optional = false
python-versions = ">=3.10"
groups = ["main"]
files = [
    {file = "zope_interface-8.2-cp310-cp310-macosx_10_9_x86_64.whl", hash = "sha256:788c293f3165964ec6527b2d861072c68eef53425213f36d3893ebee89a89623"},
    {file = "zope_interface-8.2-cp310-cp310-macosx_11_0_arm64.whl", hash = "sha256:9a4e785097e741a1c953b3970ce28f2823bd63c00adc5d276f2981dd66c96c15"},
    {file = "zope_interface-8.2-cp310-cp310-manylinux1_i686.manylinux2014_i686.manylinux_2_17_i686.manylinux_2_5_i686.whl", hash = "sha256:16c69da19a06566664ddd4785f37cad5693a51d48df1515d264c20d005d322e2"},
    {file = "zope_interface-8.2-cp310-cp310-manylinux1_x86_64.manylinux2014_x86_64.manylinux_2_17_x86_64.manylinux_2_5_x86_64.whl", hash = "sha256:c31acfa3d7cde48bec45701b0e1f4698daffc378f559bfb296837d8c834732f6"},
    {file = "zope_interface-8.2-cp310-cp310-manylinux2014_aarch64.manylinux_2_17_aarch64.whl", hash = "sha256:0723507127f8269b8f3f22663168f717e9c9742107d1b6c9f419df561b71aa6d"},
    {file = "zope_interface-8.2-cp310-cp310-win_amd64.whl", hash = "sha256:3bf73a910bb27344def2d301a03329c559a79b308e1e584686b74171d736be4e"},
    {file = "zope_interface-8.2-cp311-cp311-macosx_10_9_x86_64.whl", hash = "sha256:c65ade7ea85516e428651048489f5e689e695c79188761de8c622594d1e13322"},
    {file = "zope_interface-8.2-cp311-cp311-macosx_11_0_arm64.whl", hash = "sha256:a1ef4b43659e1348f35f38e7d1a6bbc1682efde239761f335ffc7e31e798b65b"},
    {file = "zope_interface-8.2-cp311-cp311-manylinux1_i686.manylinux2014_i686.manylinux_2_17_i686.manylinux_2_5_i686.whl", hash = "sha256:dfc4f44e8de2ff4eba20af4f0a3ca42d3c43ab24a08e49ccd8558b7a4185b466"},
    {file = "zope_interface-8.2-cp311-cp311-manylinux1_x86_64.manylinux2014_x86_64.manylinux_2_17_x86_64.manylinux_2_5_x86_64.whl", hash = "sha256:8f094bfb49179ec5dc9981cb769af1275702bd64720ef94874d9e34da1390d4c"},
    {file = "zope_interface-8.2-cp311-cp311-manylinux2014_aarch64.manylinux_2_17_aarch64.whl", hash = "sha256:d2bb8e7364e18f083bf6744ccf30433b2a5f236c39c95df8514e3c13007098ce"},
    {file = "zope_interface-8.2-cp311-cp311-win_amd64.whl", hash = "sha256:6f4b4dfcfdfaa9177a600bb31cebf711fdb8c8e9ed84f14c61c420c6aa398489"},
    {file = "zope_interface-8.2-cp312-cp312-macosx_10_9_x86_64.whl", hash = "sha256:624b6787fc7c3e45fa401984f6add2c736b70a7506518c3b537ffaacc4b29d4c"},
    {file = "zope_interface-8.2-cp312-cp312-macosx_11_0_arm64.whl", hash = "sha256:bc9ded9e97a0ed17731d479596ed1071e53b18e6fdb2fc33af1e43f5fd2d3aaa"},
    {file = "zope_interface-8.2-cp312-cp312-manylinux1_i686.manylinux2014_i686.manylinux_2_17_i686.manylinux_2_5_i686.whl", hash = "sha256:532367553e4420c80c0fc0cabcc2c74080d495573706f66723edee6eae53361d"},
    {file = "zope_interface-8.2-cp312-cp312-manylinux1_x86_64.manylinux2014_x86_64.manylinux_2_17_x86_64.manylinux_2_5_x86_64.whl", hash = "sha256:2bf9cf275468bafa3c72688aad8cfcbe3d28ee792baf0b228a1b2d93bd1d541a"},
    {file = "zope_interface-8.2-cp312-cp312-manylinux2014_aarch64.manylinux_2_17_aarch64.whl", hash = "sha256:0009d2d3c02ea783045d7804da4fd016245e5c5de31a86cebba66dd6914d59a2"},
    {file = "zope_interface-8.2-cp312-cp312-win_amd64.whl", hash = "sha256:845d14e580220ae4544bd4d7eb800f0b6034fe5585fc2536806e0a26c2ee6640"},
    {file = "zope_interface-8.2-cp313-cp313-macosx_10_9_x86_64.whl", hash = "sha256:6068322004a0158c80dfd4708dfb103a899635408c67c3b10e9acec4dbacefec"},
    {file = "zope_interface-8.2-cp313-cp313-macosx_11_0_arm64.whl", hash = "sha256:2499de92e8275d0dd68f84425b3e19e9268cd1fa8507997900fa4175f157733c"},
    {file = "zope_interface-8.2-cp313-cp313-manylinux1_i686.manylinux2014_i686.manylinux_2_17_i686.manylinux_2_5_i686.whl", hash = "sha256:f777e68c76208503609c83ca021a6864902b646530a1a39abb9ed310d1100664"},
    {file = "zope_interface-8.2-cp313-cp313-manylinux1_x86_64.manylinux2014_x86_64.manylinux_2_17_x86_64.manylinux_2_5_x86_64.whl", hash = "sha256:9b05a919fdb0ed6ea942e5a7800e09a8b6cdae6f98fee1bef1c9d1a3fc43aaa0"},
    {file = "zope_interface-8.2-cp313-cp313-manylinux2014_aarch64.manylinux_2_17_aarch64.whl", hash = "sha256:ccc62b5712dd7bd64cfba3ee63089fb11e840f5914b990033beeae3b2180b6cb"},
    {file = "zope_interface-8.2-cp313-cp313-win_amd64.whl", hash = "sha256:34f877d1d3bb7565c494ed93828fa6417641ca26faf6e8f044e0d0d500807028"},
    {file = "zope_interface-8.2-cp314-cp314-macosx_10_9_x86_64.whl", hash = "sha256:46c7e4e8cbc698398a67e56ca985d19cb92365b4aafbeb6a712e8c101090f4cb"},
    {file = "zope_interface-8.2-cp314-cp314-macosx_11_0_arm64.whl", hash = "sha256:a87fc7517f825a97ff4a4ca4c8a950593c59e0f8e7bfe1b6f898a38d5ba9f9cf"},
    {file = "zope_interface-8.2-cp314-cp314-manylinux1_i686.manylinux2014_i686.manylinux_2_17_i686.manylinux_2_5_i686.whl", hash = "sha256:ccf52f7d44d669203c2096c1a0c2c15d52e36b2e7a9413df50f48392c7d4d080"},
    {file = "zope_interface-8.2-cp314-cp314-manylinux1_x86_64.manylinux2014_x86_64.manylinux_2_17_x86_64.manylinux_2_5_x86_64.whl", hash = "sha256:aae807efc7bd26302eb2fea05cd6de7d59269ed6ae23a6de1ee47add6de99b8c"},
    {file = "zope_interface-8.2-cp314-cp314-manylinux2014_aarch64.manylinux_2_17_aarch64.whl", hash = "sha256:05a0e42d6d830f547e114de2e7cd15750dc6c0c78f8138e6c5035e51ddfff37c"},
    {file = "zope_interface-8.2-cp314-cp314-win_amd64.whl", hash = "sha256:561ce42390bee90bae51cf1c012902a8033b2aaefbd0deed81e877562a116d48"},
    {file = "zope_interface-8.2.tar.gz", hash = "sha256:afb20c371a601d261b4f6edb53c3c418c249db1a9717b0baafc9a9bb39ba1224"},
]

[package.extras]
docs = ["Sphinx", "furo", "repoze.sphinx.autointerface"]
test = ["coverage[toml]", "zope.event", "zope.testing"]
testing = ["coverage[toml]", "zope.event", "zope.testing"]

[metadata]
lock-version = "2.1"
python-versions = ">=3.12"
content-hash = "78a206e86396d8b7c26ce7ef65f02a68e039b6e56e88739c21e6a5fab9f849fd"
